
Microsoft Visual Studio Solution File, Format Version 12.00
# Visual Studio Version 16
VisualStudioVersion = 16.0.29201.188
MinimumVisualStudioVersion = 10.0.40219.1
Project("{9A19103F-16F7-4668-BE54-9A1E7A4F7556}") = "DSPEmulator", "DSPEmulator\DSPEmulator.csproj", "{4F5F706A-09FA-45ED-AC58-6DC26D381F4C}"
EndProject
Global
	GlobalSection(SolutionConfigurationPlatforms) = preSolution
		Debug|Any CPU = Debug|Any CPU
		Debug|x64 = Debug|x64
		Release|Any CPU = Release|Any CPU
		Release|x64 = Release|x64
	EndGlobalSection
	GlobalSection(ProjectConfigurationPlatforms) = postSolution
		{4F5F706A-09FA-45ED-AC58-6DC26D381F4C}.Debug|Any CPU.ActiveCfg = Debug|Any CPU
		{4F5F706A-09FA-45ED-AC58-6DC26D381F4C}.Debug|Any CPU.Build.0 = Debug|Any CPU
		{4F5F706A-09FA-45ED-AC58-6DC26D381F4C}.Debug|x64.ActiveCfg = Debug|Any CPU
		{4F5F706A-09FA-45ED-AC58-6DC26D381F4C}.Debug|x64.Build.0 = Debug|Any CPU
		{4F5F706A-09FA-45ED-AC58-6DC26D381F4C}.Release|Any CPU.ActiveCfg = Release|Any CPU
		{4F5F706A-09FA-45ED-AC58-6DC26D381F4C}.Release|Any CPU.Build.0 = Release|Any CPU
		{4F5F706A-09FA-45ED-AC58-6DC26D381F4C}.Release|x64.ActiveCfg = Release|Any CPU
		{4F5F706A-09FA-45ED-AC58-6DC26D381F4C}.Release|x64.Build.0 = Release|Any CPU
	EndGlobalSection
	GlobalSection(SolutionProperties) = preSolution
		HideSolutionNode = FALSE
	EndGlobalSection
	GlobalSection(ExtensibilityGlobals) = postSolution
		SolutionGuid = {B525A705-EC2C-4E31-B461-46CAF4954F4F}
	EndGlobalSection
EndGlobal
